
Microsoft Visual Studio Solution File, Format Version 12.00
# Visual Studio 15
VisualStudioVersion = 15.0.26124.0
MinimumVisualStudioVersion = 15.0.26124.0
Project("{2150E333-8FDC-42A3-9474-1A3956D46DE8}") = "src", "src", "{EE11FAB2-9AE2-4A5C-8AB8-F60B23F6F57F}"
EndProject
Project("{FAE04EC0-301F-11D3-BF4B-00C04F79EFBC}") = "Statistics", "src\Statistics\Statistics.csproj", "{6706CEF6-A9B5-42A7-BFDA-F3BC37182614}"
EndProject
Project("{2150E333-8FDC-42A3-9474-1A3956D46DE8}") = "test", "test", "{5CD0EA6C-5F38-47EA-940E-D4C046ED5A0E}"
EndProject
Project("{FAE04EC0-301F-11D3-BF4B-00C04F79EFBC}") = "StatisticsTest", "test\StatisticsTest\StatisticsTest.csproj", "{A62A97D8-8E66-4810-9BA3-F6E61BBF83D7}"
EndProject
Project("{FAE04EC0-301F-11D3-BF4B-00C04F79EFBC}") = "Inventory", "src\Inventory\Inventory.csproj", "{EE609EB1-8BF8-4343-A82C-E2BA48363C0E}"
EndProject
Project("{FAE04EC0-301F-11D3-BF4B-00C04F79EFBC}") = "InventoryTest", "test\InventoryTest\InventoryTest.csproj", "{27D5C861-1F1B-4838-ADC5-85111EED5659}"
EndProject
Global
	GlobalSection(SolutionConfigurationPlatforms) = preSolution
		Debug|Any CPU = Debug|Any CPU
		Debug|x64 = Debug|x64
		Debug|x86 = Debug|x86
		Release|Any CPU = Release|Any CPU
		Release|x64 = Release|x64
		Release|x86 = Release|x86
	EndGlobalSection
	GlobalSection(SolutionProperties) = preSolution
		HideSolutionNode = FALSE
	EndGlobalSection
	GlobalSection(ProjectConfigurationPlatforms) = postSolution
		{6706CEF6-A9B5-42A7-BFDA-F3BC37182614}.Debug|Any CPU.ActiveCfg = Debug|Any CPU
		{6706CEF6-A9B5-42A7-BFDA-F3BC37182614}.Debug|Any CPU.Build.0 = Debug|Any CPU
		{6706CEF6-A9B5-42A7-BFDA-F3BC37182614}.Debug|x64.ActiveCfg = Debug|Any CPU
		{6706CEF6-A9B5-42A7-BFDA-F3BC37182614}.Debug|x64.Build.0 = Debug|Any CPU
		{6706CEF6-A9B5-42A7-BFDA-F3BC37182614}.Debug|x86.ActiveCfg = Debug|Any CPU
		{6706CEF6-A9B5-42A7-BFDA-F3BC37182614}.Debug|x86.Build.0 = Debug|Any CPU
		{6706CEF6-A9B5-42A7-BFDA-F3BC37182614}.Release|Any CPU.ActiveCfg = Release|Any CPU
		{6706CEF6-A9B5-42A7-BFDA-F3BC37182614}.Release|Any CPU.Build.0 = Release|Any CPU
		{6706CEF6-A9B5-42A7-BFDA-F3BC37182614}.Release|x64.ActiveCfg = Release|Any CPU
		{6706CEF6-A9B5-42A7-BFDA-F3BC37182614}.Release|x64.Build.0 = Release|Any CPU
		{6706CEF6-A9B5-42A7-BFDA-F3BC37182614}.Release|x86.ActiveCfg = Release|Any CPU
		{6706CEF6-A9B5-42A7-BFDA-F3BC37182614}.Release|x86.Build.0 = Release|Any CPU
		{A62A97D8-8E66-4810-9BA3-F6E61BBF83D7}.Debug|Any CPU.ActiveCfg = Debug|Any CPU
		{A62A97D8-8E66-4810-9BA3-F6E61BBF83D7}.Debug|Any CPU.Build.0 = Debug|Any CPU
		{A62A97D8-8E66-4810-9BA3-F6E61BBF83D7}.Debug|x64.ActiveCfg = Debug|Any CPU
		{A62A97D8-8E66-4810-9BA3-F6E61BBF83D7}.Debug|x64.Build.0 = Debug|Any CPU
		{A62A97D8-8E66-4810-9BA3-F6E61BBF83D7}.Debug|x86.ActiveCfg = Debug|Any CPU
		{A62A97D8-8E66-4810-9BA3-F6E61BBF83D7}.Debug|x86.Build.0 = Debug|Any CPU
		{A62A97D8-8E66-4810-9BA3-F6E61BBF83D7}.Release|Any CPU.ActiveCfg = Release|Any CPU
		{A62A97D8-8E66-4810-9BA3-F6E61BBF83D7}.Release|Any CPU.Build.0 = Release|Any CPU
		{A62A97D8-8E66-4810-9BA3-F6E61BBF83D7}.Release|x64.ActiveCfg = Release|Any CPU
		{A62A97D8-8E66-4810-9BA3-F6E61BBF83D7}.Release|x64.Build.0 = Release|Any CPU
		{A62A97D8-8E66-4810-9BA3-F6E61BBF83D7}.Release|x86.ActiveCfg = Release|Any CPU
		{A62A97D8-8E66-4810-9BA3-F6E61BBF83D7}.Release|x86.Build.0 = Release|Any CPU
		{EE609EB1-8BF8-4343-A82C-E2BA48363C0E}.Debug|Any CPU.ActiveCfg = Debug|Any CPU
		{EE609EB1-8BF8-4343-A82C-E2BA48363C0E}.Debug|Any CPU.Build.0 = Debug|Any CPU
		{EE609EB1-8BF8-4343-A82C-E2BA48363C0E}.Debug|x64.ActiveCfg = Debug|Any CPU
		{EE609EB1-8BF8-4343-A82C-E2BA48363C0E}.Debug|x64.Build.0 = Debug|Any CPU
		{EE609EB1-8BF8-4343-A82C-E2BA48363C0E}.Debug|x86.ActiveCfg = Debug|Any CPU
		{EE609EB1-8BF8-4343-A82C-E2BA48363C0E}.Debug|x86.Build.0 = Debug|Any CPU
		{EE609EB1-8BF8-4343-A82C-E2BA48363C0E}.Release|Any CPU.ActiveCfg = Release|Any CPU
		{EE609EB1-8BF8-4343-A82C-E2BA48363C0E}.Release|Any CPU.Build.0 = Release|Any CPU
		{EE609EB1-8BF8-4343-A82C-E2BA48363C0E}.Release|x64.ActiveCfg = Release|Any CPU
		{EE609EB1-8BF8-4343-A82C-E2BA48363C0E}.Release|x64.Build.0 = Release|Any CPU
		{EE609EB1-8BF8-4343-A82C-E2BA48363C0E}.Release|x86.ActiveCfg = Release|Any CPU
		{EE609EB1-8BF8-4343-A82C-E2BA48363C0E}.Release|x86.Build.0 = Release|Any CPU
		{27D5C861-1F1B-4838-ADC5-85111EED5659}.Debug|Any CPU.ActiveCfg = Debug|Any CPU
		{27D5C861-1F1B-4838-ADC5-85111EED5659}.Debug|Any CPU.Build.0 = Debug|Any CPU
		{27D5C861-1F1B-4838-ADC5-85111EED5659}.Debug|x64.ActiveCfg = Debug|Any CPU
		{27D5C861-1F1B-4838-ADC5-85111EED5659}.Debug|x64.Build.0 = Debug|Any CPU
		{27D5C861-1F1B-4838-ADC5-85111EED5659}.Debug|x86.ActiveCfg = Debug|Any CPU
		{27D5C861-1F1B-4838-ADC5-85111EED5659}.Debug|x86.Build.0 = Debug|Any CPU
		{27D5C861-1F1B-4838-ADC5-85111EED5659}.Release|Any CPU.ActiveCfg = Release|Any CPU
		{27D5C861-1F1B-4838-ADC5-85111EED5659}.Release|Any CPU.Build.0 = Release|Any CPU
		{27D5C861-1F1B-4838-ADC5-85111EED5659}.Release|x64.ActiveCfg = Release|Any CPU
		{27D5C861-1F1B-4838-ADC5-85111EED5659}.Release|x64.Build.0 = Release|Any CPU
		{27D5C861-1F1B-4838-ADC5-85111EED5659}.Release|x86.ActiveCfg = Release|Any CPU
		{27D5C861-1F1B-4838-ADC5-85111EED5659}.Release|x86.Build.0 = Release|Any CPU
	EndGlobalSection
	GlobalSection(NestedProjects) = preSolution
		{6706CEF6-A9B5-42A7-BFDA-F3BC37182614} = {EE11FAB2-9AE2-4A5C-8AB8-F60B23F6F57F}
		{A62A97D8-8E66-4810-9BA3-F6E61BBF83D7} = {5CD0EA6C-5F38-47EA-940E-D4C046ED5A0E}
		{EE609EB1-8BF8-4343-A82C-E2BA48363C0E} = {EE11FAB2-9AE2-4A5C-8AB8-F60B23F6F57F}
		{27D5C861-1F1B-4838-ADC5-85111EED5659} = {5CD0EA6C-5F38-47EA-940E-D4C046ED5A0E}
	EndGlobalSection
EndGlobal
